PODS:
  - OptimalLabelTextSize (0.1.0)

DEPENDENCIES:
  - OptimalLabelTextSize (from `../`)

EXTERNAL SOURCES:
  OptimalLabelTextSize:
    :path: "../"

SPEC CHECKSUMS:
  OptimalLabelTextSize: 1c4c275119c5fa6f02be2200478fd4c127afa462

PODFILE CHECKSUM: b237b0aae95b4d1c73126e20a16c8d4e55d7e23b

COCOAPODS: 1.6.1
