PODS:
  - OptimalLabelTextSize (0.1.0)

DEPENDENCIES:
  - OptimalLabelTextSize (from `../`)

EXTERNAL SOURCES:
  OptimalLabelTextSize:
    :path: "../"

SPEC CHECKSUMS:
  OptimalLabelTextSize: dde76bf2c9a411ec990e5c2431ffedfc9e0d9682

PODFILE CHECKSUM: b237b0aae95b4d1c73126e20a16c8d4e55d7e23b

COCOAPODS: 1.6.1
